
Microsoft Visual Studio Solution File, Format Version 12.00
# Visual Studio Version 17
VisualStudioVersion = 17.14.36623.8 d17.14
MinimumVisualStudioVersion = 10.0.40219.1
Project("{FAE04EC0-301F-11D3-BF4B-00C04F79EFBC}") = "Maltat.Infrastructure.RedSms", "Maltat.Infrastructure.RedSms.csproj", "{2E86BAAB-B67D-45D4-AE70-BA192CDFE5EE}"
EndProject
Global
	GlobalSection(SolutionConfigurationPlatforms) = preSolution
		Debug|Any CPU = Debug|Any CPU
		Release|Any CPU = Release|Any CPU
	EndGlobalSection
	GlobalSection(ProjectConfigurationPlatforms) = postSolution
		{2E86BAAB-B67D-45D4-AE70-BA192CDFE5EE}.Debug|Any CPU.ActiveCfg = Debug|Any CPU
		{2E86BAAB-B67D-45D4-AE70-BA192CDFE5EE}.Debug|Any CPU.Build.0 = Debug|Any CPU
		{2E86BAAB-B67D-45D4-AE70-BA192CDFE5EE}.Release|Any CPU.ActiveCfg = Release|Any CPU
		{2E86BAAB-B67D-45D4-AE70-BA192CDFE5EE}.Release|Any CPU.Build.0 = Release|Any CPU
	EndGlobalSection
	GlobalSection(SolutionProperties) = preSolution
		HideSolutionNode = FALSE
	EndGlobalSection
	GlobalSection(ExtensibilityGlobals) = postSolution
		SolutionGuid = {8E287CC1-4B84-4436-8C0A-8AF99A5D89FF}
	EndGlobalSection
EndGlobal
